{
  "name": "bbt-api",
  "version": "1.0.0",
  "lockfileVersion": 1,
  "requires": true,
  "dependencies": {
    "big-bang-theory": {
      "version": "git+https://git@github.com/rogerjaffe/big-bang-theory.git#fc180f639baf72b8295711f0fc8b9f055e0552bd",
      "from": "git+https://git@github.com/rogerjaffe/big-bang-theory.git"
    }
  }
}
